{
  "name": "starlint-example",
  "version": "1.0.0",
  "lockfileVersion": 3,
  "requires": true,
  "packages": {
    "": {
      "name": "starlint-example",
      "version": "1.0.0",
      "devDependencies": {
        "starlint": "^0.1.1"
      }
    },
    "node_modules/@starlint/cli-darwin-arm64": {
      "version": "0.1.1",
      "resolved": "https://registry.npmjs.org/@starlint/cli-darwin-arm64/-/cli-darwin-arm64-0.1.1.tgz",
      "integrity": "sha512-SSmbqUnYP3qjP5pk1dcPZqpHVxVFs7KLHRj5QrMbzx87yeimYYrQTS1sHF3ywpq3ATnHbNKz+/puaU8sCKZpnw==",
      "cpu": [
        "arm64"
      ],
      "dev": true,
      "license": "MIT",
      "optional": true,
      "os": [
        "darwin"
      ]
    },
    "node_modules/@starlint/cli-darwin-x64": {
      "version": "0.1.1",
      "resolved": "https://registry.npmjs.org/@starlint/cli-darwin-x64/-/cli-darwin-x64-0.1.1.tgz",
      "integrity": "sha512-qHvVgtDZn+qHrDSJdL2LQiNlcCT2lBAs/AF1I6PI7ahoXvacMSkTJ3HvYR8nurmQK7jPRJufnLyhyXCJcSlNFg==",
      "cpu": [
        "x64"
      ],
      "dev": true,
      "license": "MIT",
      "optional": true,
      "os": [
        "darwin"
      ]
    },
    "node_modules/@starlint/cli-linux-arm64-gnu": {
      "version": "0.1.1",
      "resolved": "https://registry.npmjs.org/@starlint/cli-linux-arm64-gnu/-/cli-linux-arm64-gnu-0.1.1.tgz",
      "integrity": "sha512-oUxImfLJx408GgWD5t5hX4cjUGaUmZefrXa4WGJoQQmz4QzmbudGc9xrbf1X/8dXzZesZsS8+aDvkCBUFwjS8Q==",
      "cpu": [
        "arm64"
      ],
      "dev": true,
      "license": "MIT",
      "optional": true,
      "os": [
        "linux"
      ]
    },
    "node_modules/@starlint/cli-linux-x64-gnu": {
      "version": "0.1.1",
      "resolved": "https://registry.npmjs.org/@starlint/cli-linux-x64-gnu/-/cli-linux-x64-gnu-0.1.1.tgz",
      "integrity": "sha512-7JNPNde+qJmyccmyYFq7i6iuR57Z+l16ZIgS2QZwLDZ+YYhp+s4i1YXcOFaG88NhnkyID3CFEczp0pAhFFF9iQ==",
      "cpu": [
        "x64"
      ],
      "dev": true,
      "license": "MIT",
      "optional": true,
      "os": [
        "linux"
      ]
    },
    "node_modules/@starlint/cli-win32-x64-msvc": {
      "version": "0.1.1",
      "resolved": "https://registry.npmjs.org/@starlint/cli-win32-x64-msvc/-/cli-win32-x64-msvc-0.1.1.tgz",
      "integrity": "sha512-EKMS69Y0Fo/zG3c8Gp/TmkVxaHCvCQQ5RKWa5DZh8eaaJVuZAM5216lM8ZuYvY2Ocf8lG9BHHpKy5bCp6S0Mkg==",
      "cpu": [
        "x64"
      ],
      "dev": true,
      "license": "MIT",
      "optional": true,
      "os": [
        "win32"
      ]
    },
    "node_modules/starlint": {
      "version": "0.1.1",
      "resolved": "https://registry.npmjs.org/starlint/-/starlint-0.1.1.tgz",
      "integrity": "sha512-jLZOPxFxhQJBeXEI6oDBYIR25gdMTPIyF5HQhof3yC6G1au+PGz/0fkvFQwVBcPEHFW4QJtK2xmsfo6zUnOXXA==",
      "dev": true,
      "license": "MIT",
      "bin": {
        "starlint": "bin/starlint"
      },
      "engines": {
        "node": ">=14"
      },
      "optionalDependencies": {
        "@starlint/cli-darwin-arm64": "0.1.1",
        "@starlint/cli-darwin-x64": "0.1.1",
        "@starlint/cli-linux-arm64-gnu": "0.1.1",
        "@starlint/cli-linux-x64-gnu": "0.1.1",
        "@starlint/cli-win32-x64-msvc": "0.1.1"
      }
    }
  }
}
